# THIS IS AN AUTOGENERATED FILE. DO NOT EDIT THIS FILE DIRECTLY.
# yarn lockfile v1


tets1@^0.1.0:
  version "0.1.0"
  resolved "https://registry.yarnpkg.com/tets1/-/tets1-0.1.0.tgz#af33b471fc51ceccadbac25187197795b0183d15"
  integrity sha512-W967wvO81/5b8fXhviZEj+4qAaueQcIcyq9H0COjOLRenoR5KjwNE+sHP0bgVOP6EC4FfNVywA7SAN6KrYvFXQ==
